// !$*UTF8*$!
{
	archiveVersion = 1;
	classes = {
	};
	objectVersion = 46;
	objects = {

/* Begin PBXBuildFile section */
		5935E3381E39382800499E1B /* PhotoDetailsViewController.m in Sources */ = {isa = PBXBuildFile; fileRef = 5935E3371E39382800499E1B /* PhotoDetailsViewController.m */; };
		59E4DCBC1E392282007BDD2B /* main.m in Sources */ = {isa = PBXBuildFile; fileRef = 59E4DCBB1E392282007BDD2B /* main.m */; };
		59E4DCBF1E392282007BDD2B /* AppDelegate.m in Sources */ = {isa = PBXBuildFile; fileRef = 59E4DCBE1E392282007BDD2B /* AppDelegate.m */; };
		59E4DCC21E392282007BDD2B /* PhotosViewController.m in Sources */ = {isa = PBXBuildFile; fileRef = 59E4DCC11E392282007BDD2B /* PhotosViewController.m */; };
		59E4DCC51E392282007BDD2B /* Main.storyboard in Resources */ = {isa = PBXBuildFile; fileRef = 59E4DCC31E392282007BDD2B /* Main.storyboard */; };
		59E4DCC71E392282007BDD2B /* Assets.xcassets in Resources */ = {isa = PBXBuildFile; fileRef = 59E4DCC61E392282007BDD2B /* Assets.xcassets */; };
		59E4DCCA1E392282007BDD2B /* LaunchScreen.storyboard in Resources */ = {isa = PBXBuildFile; fileRef = 59E4DCC81E392282007BDD2B /* LaunchScreen.storyboard */; };
		59E4DCD31E392A32007BDD2B /* PhotoCell.m in Sources */ = {isa = PBXBuildFile; fileRef = 59E4DCD21E392A32007BDD2B /* PhotoCell.m */; };
		FA5244B39FFDAE9CD7B0ED0C /* libPods-Tumblr.a in Frameworks */ = {isa = PBXBuildFile; fileRef = 26EB239B41DAD24763099326 /* libPods-Tumblr.a */; };
/* End PBXBuildFile section */

/* Begin PBXFileReference section */
		26EB239B41DAD24763099326 /* libPods-Tumblr.a */ = {isa = PBXFileReference; explicitFileType = archive.ar; includeInIndex = 0; path = "libPods-Tumblr.a"; sourceTree = BUILT_PRODUCTS_DIR; };
		48C6DC03923F832929FCED45 /* Pods-Tumblr.release.xcconfig */ = {isa = PBXFileReference; includeInIndex = 1; lastKnownFileType = text.xcconfig; name = "Pods-Tumblr.release.xcconfig"; path = "Pods/Target Support Files/Pods-Tumblr/Pods-Tumblr.release.xcconfig"; sourceTree = "<group>"; };
		5935E3361E39382800499E1B /* PhotoDetailsViewController.h */ = {isa = PBXFileReference; fileEncoding = 4; lastKnownFileType = sourcecode.c.h; path = PhotoDetailsViewController.h; sourceTree = "<group>"; };
		5935E3371E39382800499E1B /* PhotoDetailsViewController.m */ = {isa = PBXFileReference; fileEncoding = 4; lastKnownFileType = sourcecode.c.objc; path = PhotoDetailsViewController.m; sourceTree = "<group>"; };
		59E4DCB71E392282007BDD2B /* Tumblr.app */ = {isa = PBXFileReference; explicitFileType = wrapper.application; includeInIndex = 0; path = Tumblr.app; sourceTree = BUILT_PRODUCTS_DIR; };
		59E4DCBB1E392282007BDD2B /* main.m */ = {isa = PBXFileReference; lastKnownFileType = sourcecode.c.objc; path = main.m; sourceTree = "<group>"; };
		59E4DCBD1E392282007BDD2B /* AppDelegate.h */ = {isa = PBXFileReference; lastKnownFileType = sourcecode.c.h; path = AppDelegate.h; sourceTree = "<group>"; };
		59E4DCBE1E392282007BDD2B /* AppDelegate.m */ = {isa = PBXFileReference; lastKnownFileType = sourcecode.c.objc; path = AppDelegate.m; sourceTree = "<group>"; };
		59E4DCC01E392282007BDD2B /* PhotosViewController.h */ = {isa = PBXFileReference; lastKnownFileType = sourcecode.c.h; path = PhotosViewController.h; sourceTree = "<group>"; };
		59E4DCC11E392282007BDD2B /* PhotosViewController.m */ = {isa = PBXFileReference; lastKnownFileType = sourcecode.c.objc; path = PhotosViewController.m; sourceTree = "<group>"; };
		59E4DCC41E392282007BDD2B /* Base */ = {isa = PBXFileReference; lastKnownFileType = file.storyboard; name = Base; path = Base.lproj/Main.storyboard; sourceTree = "<group>"; };
		59E4DCC61E392282007BDD2B /* Assets.xcassets */ = {isa = PBXFileReference; lastKnownFileType = folder.assetcatalog; path = Assets.xcassets; sourceTree = "<group>"; };
		59E4DCC91E392282007BDD2B /* Base */ = {isa = PBXFileReference; lastKnownFileType = file.storyboard; name = Base; path = Base.lproj/LaunchScreen.storyboard; sourceTree = "<group>"; };
		59E4DCCB1E392282007BDD2B /* Info.plist */ = {isa = PBXFileReference; lastKnownFileType = text.plist.xml; path = Info.plist; sourceTree = "<group>"; };
		59E4DCD11E392A32007BDD2B /* PhotoCell.h */ = {isa = PBXFileReference; fileEncoding = 4; lastKnownFileType = sourcecode.c.h; path = PhotoCell.h; sourceTree = "<group>"; };
		59E4DCD21E392A32007BDD2B /* PhotoCell.m */ = {isa = PBXFileReference; fileEncoding = 4; lastKnownFileType = sourcecode.c.objc; path = PhotoCell.m; sourceTree = "<group>"; };
		A6333E7754880908C89654B3 /* Pods-Tumblr.debug.xcconfig */ = {isa = PBXFileReference; includeInIndex = 1; lastKnownFileType = text.xcconfig; name = "Pods-Tumblr.debug.xcconfig"; path = "Pods/Target Support Files/Pods-Tumblr/Pods-Tumblr.debug.xcconfig"; sourceTree = "<group>"; };
/* End PBXFileReference section */

/* Begin PBXFrameworksBuildPhase section */
		59E4DCB41E392282007BDD2B /* Frameworks */ = {
			isa = PBXFrameworksBuildPhase;
			buildActionMask = 2147483647;
			files = (
				FA5244B39FFDAE9CD7B0ED0C /* libPods-Tumblr.a in Frameworks */,
			);
			runOnlyForDeploymentPostprocessing = 0;
		};
/* End PBXFrameworksBuildPhase section */

/* Begin PBXGroup section */
		0F56DFECC3AA2322AE2A3F15 /* Pods */ = {
			isa = PBXGroup;
			children = (
				A6333E7754880908C89654B3 /* Pods-Tumblr.debug.xcconfig */,
				48C6DC03923F832929FCED45 /* Pods-Tumblr.release.xcconfig */,
			);
			name = Pods;
			sourceTree = "<group>";
		};
		59E4DCAE1E392282007BDD2B = {
			isa = PBXGroup;
			children = (
				59E4DCB91E392282007BDD2B /* Tumblr */,
				59E4DCB81E392282007BDD2B /* Products */,
				0F56DFECC3AA2322AE2A3F15 /* Pods */,
				93B1FBFEDE324889BF278001 /* Frameworks */,
			);
			sourceTree = "<group>";
		};
		59E4DCB81E392282007BDD2B /* Products */ = {
			isa = PBXGroup;
			children = (
				59E4DCB71E392282007BDD2B /* Tumblr.app */,
			);
			name = Products;
			sourceTree = "<group>";
		};
		59E4DCB91E392282007BDD2B /* Tumblr */ = {
			isa = PBXGroup;
			children = (
				59E4DCBD1E392282007BDD2B /* AppDelegate.h */,
				59E4DCBE1E392282007BDD2B /* AppDelegate.m */,
				59E4DCC01E392282007BDD2B /* PhotosViewController.h */,
				59E4DCC11E392282007BDD2B /* PhotosViewController.m */,
				59E4DCC31E392282007BDD2B /* Main.storyboard */,
				59E4DCC61E392282007BDD2B /* Assets.xcassets */,
				59E4DCC81E392282007BDD2B /* LaunchScreen.storyboard */,
				59E4DCCB1E392282007BDD2B /* Info.plist */,
				59E4DCBA1E392282007BDD2B /* Supporting Files */,
				59E4DCD11E392A32007BDD2B /* PhotoCell.h */,
				59E4DCD21E392A32007BDD2B /* PhotoCell.m */,
				5935E3361E39382800499E1B /* PhotoDetailsViewController.h */,
				5935E3371E39382800499E1B /* PhotoDetailsViewController.m */,
			);
			path = Tumblr;
			sourceTree = "<group>";
		};
		59E4DCBA1E392282007BDD2B /* Supporting Files */ = {
			isa = PBXGroup;
			children = (
				59E4DCBB1E392282007BDD2B /* main.m */,
			);
			name = "Supporting Files";
			sourceTree = "<group>";
		};
		93B1FBFEDE324889BF278001 /* Frameworks */ = {
			isa = PBXGroup;
			children = (
				26EB239B41DAD24763099326 /* libPods-Tumblr.a */,
			);
			name = Frameworks;
			sourceTree = "<group>";
		};
/* End PBXGroup section */

/* Begin PBXNativeTarget section */
		59E4DCB61E392282007BDD2B /* Tumblr */ = {
			isa = PBXNativeTarget;
			buildConfigurationList = 59E4DCCE1E392282007BDD2B /* Build configuration list for PBXNativeTarget "Tumblr" */;
			buildPhases = (
				F53CEC7E281193E46DEC1C77 /* [CP] Check Pods Manifest.lock */,
				59E4DCB31E392282007BDD2B /* Sources */,
				59E4DCB41E392282007BDD2B /* Frameworks */,
				59E4DCB51E392282007BDD2B /* Resources */,
				19B71E0A3DF5DBD5B9C25A06 /* [CP] Embed Pods Frameworks */,
				C702BAE23B51D71A09E1FC52 /* [CP] Copy Pods Resources */,
			);
			buildRules = (
			);
			dependencies = (
			);
			name = Tumblr;
			productName = Tumblr;
			productReference = 59E4DCB71E392282007BDD2B /* Tumblr.app */;
			productType = "com.apple.product-type.application";
		};
/* End PBXNativeTarget section */

/* Begin PBXProject section */
		59E4DCAF1E392282007BDD2B /* Project object */ = {
			isa = PBXProject;
			attributes = {
				LastUpgradeCheck = 0820;
				ORGANIZATIONNAME = "Seth Bertalotto";
				TargetAttributes = {
					59E4DCB61E392282007BDD2B = {
						CreatedOnToolsVersion = 8.2.1;
						ProvisioningStyle = Automatic;
					};
				};
			};
			buildConfigurationList = 59E4DCB21E392282007BDD2B /* Build configuration list for PBXProject "Tumblr" */;
			compatibilityVersion = "Xcode 3.2";
			developmentRegion = English;
			hasScannedForEncodings = 0;
			knownRegions = (
				en,
				Base,
			);
			mainGroup = 59E4DCAE1E392282007BDD2B;
			productRefGroup = 59E4DCB81E392282007BDD2B /* Products */;
			projectDirPath = "";
			projectRoot = "";
			targets = (
				59E4DCB61E392282007BDD2B /* Tumblr */,
			);
		};
/* End PBXProject section */

/* Begin PBXResourcesBuildPhase section */
		59E4DCB51E392282007BDD2B /* Resources */ = {
			isa = PBXResourcesBuildPhase;
			buildActionMask = 2147483647;
			files = (
				59E4DCCA1E392282007BDD2B /* LaunchScreen.storyboard in Resources */,
				59E4DCC71E392282007BDD2B /* Assets.xcassets in Resources */,
				59E4DCC51E392282007BDD2B /* Main.storyboard in Resources */,
			);
			runOnlyForDeploymentPostprocessing = 0;
		};
/* End PBXResourcesBuildPhase section */

/* Begin PBXShellScriptBuildPhase section */
		19B71E0A3DF5DBD5B9C25A06 /* [CP] Embed Pods Frameworks */ = {
			isa = PBXShellScriptBuildPhase;
			buildActionMask = 2147483647;
			files = (
			);
			inputPaths = (
			);
			name = "[CP] Embed Pods Frameworks";
			outputPaths = (
			);
			runOnlyForDeploymentPostprocessing = 0;
			shellPath = /bin/sh;
			shellScript = "\"${SRCROOT}/Pods/Target Support Files/Pods-Tumblr/Pods-Tumblr-frameworks.sh\"\n";
			showEnvVarsInLog = 0;
		};
		C702BAE23B51D71A09E1FC52 /* [CP] Copy Pods Resources */ = {
			isa = PBXShellScriptBuildPhase;
			buildActionMask = 2147483647;
			files = (
			);
			inputPaths = (
			);
			name = "[CP] Copy Pods Resources";
			outputPaths = (
			);
			runOnlyForDeploymentPostprocessing = 0;
			shellPath = /bin/sh;
			shellScript = "\"${SRCROOT}/Pods/Target Support Files/Pods-Tumblr/Pods-Tumblr-resources.sh\"\n";
			showEnvVarsInLog = 0;
		};
		F53CEC7E281193E46DEC1C77 /* [CP] Check Pods Manifest.lock */ = {
			isa = PBXShellScriptBuildPhase;
			buildActionMask = 2147483647;
			files = (
			);
			inputPaths = (
			);
			name = "[CP] Check Pods Manifest.lock";
			outputPaths = (
			);
			runOnlyForDeploymentPostprocessing = 0;
			shellPath = /bin/sh;
			shellScript = "diff \"${PODS_ROOT}/../Podfile.lock\" \"${PODS_ROOT}/Manifest.lock\" > /dev/null\nif [ $? != 0 ] ; then\n    # print error to STDERR\n    echo \"error: The sandbox is not in sync with the Podfile.lock. Run 'pod install' or update your CocoaPods installation.\" >&2\n    exit 1\nfi\n";
			showEnvVarsInLog = 0;
		};
/* End PBXShellScriptBuildPhase section */

/* Begin PBXSourcesBuildPhase section */
		59E4DCB31E392282007BDD2B /* Sources */ = {
			isa = PBXSourcesBuildPhase;
			buildActionMask = 2147483647;
			files = (
				59E4DCD31E392A32007BDD2B /* PhotoCell.m in Sources */,
				59E4DCC21E392282007BDD2B /* PhotosViewController.m in Sources */,
				59E4DCBF1E392282007BDD2B /* AppDelegate.m in Sources */,
				59E4DCBC1E392282007BDD2B /* main.m in Sources */,
				5935E3381E39382800499E1B /* PhotoDetailsViewController.m in Sources */,
			);
			runOnlyForDeploymentPostprocessing = 0;
		};
/* End PBXSourcesBuildPhase section */

/* Begin PBXVariantGroup section */
		59E4DCC31E392282007BDD2B /* Main.storyboard */ = {
			isa = PBXVariantGroup;
			children = (
				59E4DCC41E392282007BDD2B /* Base */,
			);
			name = Main.storyboard;
			sourceTree = "<group>";
		};
		59E4DCC81E392282007BDD2B /* LaunchScreen.storyboard */ = {
			isa = PBXVariantGroup;
			children = (
				59E4DCC91E392282007BDD2B /* Base */,
			);
			name = LaunchScreen.storyboard;
			sourceTree = "<group>";
		};
/* End PBXVariantGroup section */

/* Begin XCBuildConfiguration section */
		59E4DCCC1E392282007BDD2B /* Debug */ = {
			isa = XCBuildConfiguration;
			buildSettings = {
				ALWAYS_SEARCH_USER_PATHS = NO;
				CLANG_ANALYZER_NONNULL = YES;
				CLANG_CXX_LANGUAGE_STANDARD = "gnu++0x";
				CLANG_CXX_LIBRARY = "libc++";
				CLANG_ENABLE_MODULES = YES;
				CLANG_ENABLE_OBJC_ARC = YES;
				CLANG_WARN_BOOL_CONVERSION = YES;
				CLANG_WARN_CONSTANT_CONVERSION = YES;
				CLANG_WARN_DIRECT_OBJC_ISA_USAGE = YES_ERROR;
				CLANG_WARN_DOCUMENTATION_COMMENTS = YES;
				CLANG_WARN_EMPTY_BODY = YES;
				CLANG_WARN_ENUM_CONVERSION = YES;
				CLANG_WARN_INFINITE_RECURSION = YES;
				CLANG_WARN_INT_CONVERSION = YES;
				CLANG_WARN_OBJC_ROOT_CLASS = YES_ERROR;
				CLANG_WARN_SUSPICIOUS_MOVE = YES;
				CLANG_WARN_UNREACHABLE_CODE = YES;
				CLANG_WARN__DUPLICATE_METHOD_MATCH = YES;
				"CODE_SIGN_IDENTITY[sdk=iphoneos*]" = "iPhone Developer";
				COPY_PHASE_STRIP = NO;
				DEBUG_INFORMATION_FORMAT = dwarf;
				ENABLE_STRICT_OBJC_MSGSEND = YES;
				ENABLE_TESTABILITY = YES;
				GCC_C_LANGUAGE_STANDARD = gnu99;
				GCC_DYNAMIC_NO_PIC = NO;
				GCC_NO_COMMON_BLOCKS = YES;
				GCC_OPTIMIZATION_LEVEL = 0;
				GCC_PREPROCESSOR_DEFINITIONS = (
					"DEBUG=1",
					"$(inherited)",
				);
				GCC_WARN_64_TO_32_BIT_CONVERSION = YES;
				GCC_WARN_ABOUT_RETURN_TYPE = YES_ERROR;
				GCC_WARN_UNDECLARED_SELECTOR = YES;
				GCC_WARN_UNINITIALIZED_AUTOS = YES_AGGRESSIVE;
				GCC_WARN_UNUSED_FUNCTION = YES;
				GCC_WARN_UNUSED_VARIABLE = YES;
				IPHONEOS_DEPLOYMENT_TARGET = 10.2;
				MTL_ENABLE_DEBUG_INFO = YES;
				ONLY_ACTIVE_ARCH = YES;
				SDKROOT = iphoneos;
				TARGETED_DEVICE_FAMILY = "1,2";
			};
			name = Debug;
		};
		59E4DCCD1E392282007BDD2B /* Release */ = {
			isa = XCBuildConfiguration;
			buildSettings = {
				ALWAYS_SEARCH_USER_PATHS = NO;
				CLANG_ANALYZER_NONNULL = YES;
				CLANG_CXX_LANGUAGE_STANDARD = "gnu++0x";
				CLANG_CXX_LIBRARY = "libc++";
				CLANG_ENABLE_MODULES = YES;
				CLANG_ENABLE_OBJC_ARC = YES;
				CLANG_WARN_BOOL_CONVERSION = YES;
				CLANG_WARN_CONSTANT_CONVERSION = YES;
				CLANG_WARN_DIRECT_OBJC_ISA_USAGE = YES_ERROR;
				CLANG_WARN_DOCUMENTATION_COMMENTS = YES;
				CLANG_WARN_EMPTY_BODY = YES;
				CLANG_WARN_ENUM_CONVERSION = YES;
				CLANG_WARN_INFINITE_RECURSION = YES;
				CLANG_WARN_INT_CONVERSION = YES;
				CLANG_WARN_OBJC_ROOT_CLASS = YES_ERROR;
				CLANG_WARN_SUSPICIOUS_MOVE = YES;
				CLANG_WARN_UNREACHABLE_CODE = YES;
				CLANG_WARN__DUPLICATE_METHOD_MATCH = YES;
				"CODE_SIGN_IDENTITY[sdk=iphoneos*]" = "iPhone Developer";
				COPY_PHASE_STRIP = NO;
				DEBUG_INFORMATION_FORMAT = "dwarf-with-dsym";
				ENABLE_NS_ASSERTIONS = NO;
				ENABLE_STRICT_OBJC_MSGSEND = YES;
				GCC_C_LANGUAGE_STANDARD = gnu99;
				GCC_NO_COMMON_BLOCKS = YES;
				GCC_WARN_64_TO_32_BIT_CONVERSION = YES;
				GCC_WARN_ABOUT_RETURN_TYPE = YES_ERROR;
				GCC_WARN_UNDECLARED_SELECTOR = YES;
				GCC_WARN_UNINITIALIZED_AUTOS = YES_AGGRESSIVE;
				GCC_WARN_UNUSED_FUNCTION = YES;
				GCC_WARN_UNUSED_VARIABLE = YES;
				IPHONEOS_DEPLOYMENT_TARGET = 10.2;
				MTL_ENABLE_DEBUG_INFO = NO;
				SDKROOT = iphoneos;
				TARGETED_DEVICE_FAMILY = "1,2";
				VALIDATE_PRODUCT = YES;
			};
			name = Release;
		};
		59E4DCCF1E392282007BDD2B /* Debug */ = {
			isa = XCBuildConfiguration;
			baseConfigurationReference = A6333E7754880908C89654B3 /* Pods-Tumblr.debug.xcconfig */;
			buildSettings = {
				ASSETCATALOG_COMPILER_APPICON_NAME = AppIcon;
				INFOPLIST_FILE = Tumblr/Info.plist;
				LD_RUNPATH_SEARCH_PATHS = "$(inherited) @executable_path/Frameworks";
				PRODUCT_BUNDLE_IDENTIFIER = sbertal.Tumblr;
				PRODUCT_NAME = "$(TARGET_NAME)";
			};
			name = Debug;
		};
		59E4DCD01E392282007BDD2B /* Release */ = {
			isa = XCBuildConfiguration;
			baseConfigurationReference = 48C6DC03923F832929FCED45 /* Pods-Tumblr.release.xcconfig */;
			buildSettings = {
				ASSETCATALOG_COMPILER_APPICON_NAME = AppIcon;
				INFOPLIST_FILE = Tumblr/Info.plist;
				LD_RUNPATH_SEARCH_PATHS = "$(inherited) @executable_path/Frameworks";
				PRODUCT_BUNDLE_IDENTIFIER = sbertal.Tumblr;
				PRODUCT_NAME = "$(TARGET_NAME)";
			};
			name = Release;
		};
/* End XCBuildConfiguration section */

/* Begin XCConfigurationList section */
		59E4DCB21E392282007BDD2B /* Build configuration list for PBXProject "Tumblr" */ = {
			isa = XCConfigurationList;
			buildConfigurations = (
				59E4DCCC1E392282007BDD2B /* Debug */,
				59E4DCCD1E392282007BDD2B /* Release */,
			);
			defaultConfigurationIsVisible = 0;
			defaultConfigurationName = Release;
		};
		59E4DCCE1E392282007BDD2B /* Build configuration list for PBXNativeTarget "Tumblr" */ = {
			isa = XCConfigurationList;
			buildConfigurations = (
				59E4DCCF1E392282007BDD2B /* Debug */,
				59E4DCD01E392282007BDD2B /* Release */,
			);
			defaultConfigurationIsVisible = 0;
			defaultConfigurationName = Release;
		};
/* End XCConfigurationList section */
	};
	rootObject = 59E4DCAF1E392282007BDD2B /* Project object */;
}
